
Microsoft Visual Studio Solution File, Format Version 12.00
# Visual Studio 2012
Project("{FAE04EC0-301F-11D3-BF4B-00C04F79EFBC}") = "ICT13580062FinalA", "ICT13580062FinalA\ICT13580062FinalA.csproj", "{442C8DB1-7266-46E0-804F-16778C24A647}"
EndProject
Project("{FAE04EC0-301F-11D3-BF4B-00C04F79EFBC}") = "ICT13580062FinalA.iOS", "iOS\ICT13580062FinalA.iOS.csproj", "{88E562A1-D50E-4E04-A295-6CC7542D3F43}"
EndProject
Global
	GlobalSection(SolutionConfigurationPlatforms) = preSolution
		Debug|Any CPU = Debug|Any CPU
		Release|Any CPU = Release|Any CPU
		Debug|iPhoneSimulator = Debug|iPhoneSimulator
		Release|iPhone = Release|iPhone
		Release|iPhoneSimulator = Release|iPhoneSimulator
		Debug|iPhone = Debug|iPhone
	EndGlobalSection
	GlobalSection(ProjectConfigurationPlatforms) = postSolution
		{442C8DB1-7266-46E0-804F-16778C24A647}.Debug|Any CPU.ActiveCfg = Debug|Any CPU
		{442C8DB1-7266-46E0-804F-16778C24A647}.Debug|Any CPU.Build.0 = Debug|Any CPU
		{442C8DB1-7266-46E0-804F-16778C24A647}.Release|Any CPU.ActiveCfg = Release|Any CPU
		{442C8DB1-7266-46E0-804F-16778C24A647}.Release|Any CPU.Build.0 = Release|Any CPU
		{442C8DB1-7266-46E0-804F-16778C24A647}.Debug|iPhoneSimulator.ActiveCfg = Debug|Any CPU
		{442C8DB1-7266-46E0-804F-16778C24A647}.Debug|iPhoneSimulator.Build.0 = Debug|Any CPU
		{442C8DB1-7266-46E0-804F-16778C24A647}.Release|iPhone.ActiveCfg = Release|Any CPU
		{442C8DB1-7266-46E0-804F-16778C24A647}.Release|iPhone.Build.0 = Release|Any CPU
		{442C8DB1-7266-46E0-804F-16778C24A647}.Release|iPhoneSimulator.ActiveCfg = Release|Any CPU
		{442C8DB1-7266-46E0-804F-16778C24A647}.Release|iPhoneSimulator.Build.0 = Release|Any CPU
		{442C8DB1-7266-46E0-804F-16778C24A647}.Debug|iPhone.ActiveCfg = Debug|Any CPU
		{442C8DB1-7266-46E0-804F-16778C24A647}.Debug|iPhone.Build.0 = Debug|Any CPU
		{88E562A1-D50E-4E04-A295-6CC7542D3F43}.Debug|Any CPU.ActiveCfg = Debug|iPhoneSimulator
		{88E562A1-D50E-4E04-A295-6CC7542D3F43}.Debug|Any CPU.Build.0 = Debug|iPhoneSimulator
		{88E562A1-D50E-4E04-A295-6CC7542D3F43}.Release|Any CPU.ActiveCfg = Release|iPhone
		{88E562A1-D50E-4E04-A295-6CC7542D3F43}.Release|Any CPU.Build.0 = Release|iPhone
		{88E562A1-D50E-4E04-A295-6CC7542D3F43}.Debug|iPhoneSimulator.ActiveCfg = Debug|iPhoneSimulator
		{88E562A1-D50E-4E04-A295-6CC7542D3F43}.Debug|iPhoneSimulator.Build.0 = Debug|iPhoneSimulator
		{88E562A1-D50E-4E04-A295-6CC7542D3F43}.Release|iPhone.ActiveCfg = Release|iPhone
		{88E562A1-D50E-4E04-A295-6CC7542D3F43}.Release|iPhone.Build.0 = Release|iPhone
		{88E562A1-D50E-4E04-A295-6CC7542D3F43}.Release|iPhoneSimulator.ActiveCfg = Release|iPhoneSimulator
		{88E562A1-D50E-4E04-A295-6CC7542D3F43}.Release|iPhoneSimulator.Build.0 = Release|iPhoneSimulator
		{88E562A1-D50E-4E04-A295-6CC7542D3F43}.Debug|iPhone.ActiveCfg = Debug|iPhone
		{88E562A1-D50E-4E04-A295-6CC7542D3F43}.Debug|iPhone.Build.0 = Debug|iPhone
	EndGlobalSection
EndGlobal
